// !$*UTF8*$!
{
	archiveVersion = 1;
	classes = {
	};
	objectVersion = 55;
	objects = {

/* Begin PBXBuildFile section */
		1471F6C926F850BF0097F56F /* main.swift in Sources */ = {isa = PBXBuildFile; fileRef = 1471F6C826F850BF0097F56F /* main.swift */; };
		1471F6D126F850F00097F56F /* ArgumentParser in Frameworks */ = {isa = PBXBuildFile; productRef = 1471F6D026F850F00097F56F /* ArgumentParser */; };
		1471F6D526F851200097F56F /* sdpCli.swift in Sources */ = {isa = PBXBuildFile; fileRef = 1471F6D426F851200097F56F /* sdpCli.swift */; };
		14CC16722721C2FF008EB93B /* simpledb-pack in Frameworks */ = {isa = PBXBuildFile; productRef = 14CC16712721C2FF008EB93B /* simpledb-pack */; };
/* End PBXBuildFile section */

/* Begin PBXCopyFilesBuildPhase section */
		1471F6C326F850BF0097F56F /* CopyFiles */ = {
			isa = PBXCopyFilesBuildPhase;
			buildActionMask = 2147483647;
			dstPath = /usr/share/man/man1/;
			dstSubfolderSpec = 0;
			files = (
			);
			runOnlyForDeploymentPostprocessing = 1;
		};
/* End PBXCopyFilesBuildPhase section */

/* Begin PBXFileReference section */
		1471F6C526F850BF0097F56F /* simpledb-cli */ = {isa = PBXFileReference; explicitFileType = "compiled.mach-o.executable"; includeInIndex = 0; path = "simpledb-cli"; sourceTree = BUILT_PRODUCTS_DIR; };
		1471F6C826F850BF0097F56F /* main.swift */ = {isa = PBXFileReference; lastKnownFileType = sourcecode.swift; path = main.swift; sourceTree = "<group>"; };
		1471F6D426F851200097F56F /* sdpCli.swift */ = {isa = PBXFileReference; fileEncoding = 4; lastKnownFileType = sourcecode.swift; path = sdpCli.swift; sourceTree = "<group>"; };
		1471F6D626F851780097F56F /* simpledb-pack */ = {isa = PBXFileReference; lastKnownFileType = folder; path = "simpledb-pack"; sourceTree = "<group>"; };
		1471F6DB26F854EF0097F56F /* README.md */ = {isa = PBXFileReference; lastKnownFileType = net.daringfireball.markdown; path = README.md; sourceTree = "<group>"; };
/* End PBXFileReference section */

/* Begin PBXFrameworksBuildPhase section */
		1471F6C226F850BF0097F56F /* Frameworks */ = {
			isa = PBXFrameworksBuildPhase;
			buildActionMask = 2147483647;
			files = (
				1471F6D126F850F00097F56F /* ArgumentParser in Frameworks */,
				14CC16722721C2FF008EB93B /* simpledb-pack in Frameworks */,
			);
			runOnlyForDeploymentPostprocessing = 0;
		};
/* End PBXFrameworksBuildPhase section */

/* Begin PBXGroup section */
		1471F6BC26F850BF0097F56F = {
			isa = PBXGroup;
			children = (
				1471F6DB26F854EF0097F56F /* README.md */,
				1471F6D626F851780097F56F /* simpledb-pack */,
				1471F6C726F850BF0097F56F /* simpledb-cli */,
				1471F6C626F850BF0097F56F /* Products */,
				1471F6D826F851E40097F56F /* Frameworks */,
			);
			sourceTree = "<group>";
		};
		1471F6C626F850BF0097F56F /* Products */ = {
			isa = PBXGroup;
			children = (
				1471F6C526F850BF0097F56F /* simpledb-cli */,
			);
			name = Products;
			sourceTree = "<group>";
		};
		1471F6C726F850BF0097F56F /* simpledb-cli */ = {
			isa = PBXGroup;
			children = (
				1471F6D426F851200097F56F /* sdpCli.swift */,
				1471F6C826F850BF0097F56F /* main.swift */,
			);
			path = "simpledb-cli";
			sourceTree = "<group>";
		};
		1471F6D826F851E40097F56F /* Frameworks */ = {
			isa = PBXGroup;
			children = (
			);
			name = Frameworks;
			sourceTree = "<group>";
		};
/* End PBXGroup section */

/* Begin PBXNativeTarget section */
		1471F6C426F850BF0097F56F /* simpledb-cli */ = {
			isa = PBXNativeTarget;
			buildConfigurationList = 1471F6CC26F850BF0097F56F /* Build configuration list for PBXNativeTarget "simpledb-cli" */;
			buildPhases = (
				1471F6C126F850BF0097F56F /* Sources */,
				1471F6C226F850BF0097F56F /* Frameworks */,
				1471F6C326F850BF0097F56F /* CopyFiles */,
			);
			buildRules = (
			);
			dependencies = (
			);
			name = "simpledb-cli";
			packageProductDependencies = (
				1471F6D026F850F00097F56F /* ArgumentParser */,
				14CC16712721C2FF008EB93B /* simpledb-pack */,
			);
			productName = CerebloDb;
			productReference = 1471F6C526F850BF0097F56F /* simpledb-cli */;
			productType = "com.apple.product-type.tool";
		};
/* End PBXNativeTarget section */

/* Begin PBXProject section */
		1471F6BD26F850BF0097F56F /* Project object */ = {
			isa = PBXProject;
			attributes = {
				BuildIndependentTargetsInParallel = 1;
				LastSwiftUpdateCheck = 1300;
				LastUpgradeCheck = 1300;
				TargetAttributes = {
					1471F6C426F850BF0097F56F = {
						CreatedOnToolsVersion = 13.0;
					};
				};
			};
			buildConfigurationList = 1471F6C026F850BF0097F56F /* Build configuration list for PBXProject "simpledb" */;
			compatibilityVersion = "Xcode 13.0";
			developmentRegion = en;
			hasScannedForEncodings = 0;
			knownRegions = (
				en,
				Base,
			);
			mainGroup = 1471F6BC26F850BF0097F56F;
			packageReferences = (
				1471F6CF26F850F00097F56F /* XCRemoteSwiftPackageReference "swift-argument-parser" */,
			);
			productRefGroup = 1471F6C626F850BF0097F56F /* Products */;
			projectDirPath = "";
			projectRoot = "";
			targets = (
				1471F6C426F850BF0097F56F /* simpledb-cli */,
			);
		};
/* End PBXProject section */

/* Begin PBXSourcesBuildPhase section */
		1471F6C126F850BF0097F56F /* Sources */ = {
			isa = PBXSourcesBuildPhase;
			buildActionMask = 2147483647;
			files = (
				1471F6D526F851200097F56F /* sdpCli.swift in Sources */,
				1471F6C926F850BF0097F56F /* main.swift in Sources */,
			);
			runOnlyForDeploymentPostprocessing = 0;
		};
/* End PBXSourcesBuildPhase section */

/* Begin XCBuildConfiguration section */
		1471F6CA26F850BF0097F56F /* Debug */ = {
			isa = XCBuildConfiguration;
			buildSettings = {
				ALWAYS_SEARCH_USER_PATHS = NO;
				CLANG_ANALYZER_NONNULL = YES;
				CLANG_ANALYZER_NUMBER_OBJECT_CONVERSION = YES_AGGRESSIVE;
				CLANG_CXX_LANGUAGE_STANDARD = "gnu++17";
				CLANG_CXX_LIBRARY = "libc++";
				CLANG_ENABLE_MODULES = YES;
				CLANG_ENABLE_OBJC_ARC = YES;
				CLANG_ENABLE_OBJC_WEAK = YES;
				CLANG_WARN_BLOCK_CAPTURE_AUTORELEASING = YES;
				CLANG_WARN_BOOL_CONVERSION = YES;
				CLANG_WARN_COMMA = YES;
				CLANG_WARN_CONSTANT_CONVERSION = YES;
				CLANG_WARN_DEPRECATED_OBJC_IMPLEMENTATIONS = YES;
				CLANG_WARN_DIRECT_OBJC_ISA_USAGE = YES_ERROR;
				CLANG_WARN_DOCUMENTATION_COMMENTS = YES;
				CLANG_WARN_EMPTY_BODY = YES;
				CLANG_WARN_ENUM_CONVERSION = YES;
				CLANG_WARN_INFINITE_RECURSION = YES;
				CLANG_WARN_INT_CONVERSION = YES;
				CLANG_WARN_NON_LITERAL_NULL_CONVERSION = YES;
				CLANG_WARN_OBJC_IMPLICIT_RETAIN_SELF = YES;
				CLANG_WARN_OBJC_LITERAL_CONVERSION = YES;
				CLANG_WARN_OBJC_ROOT_CLASS = YES_ERROR;
				CLANG_WARN_QUOTED_INCLUDE_IN_FRAMEWORK_HEADER = YES;
				CLANG_WARN_RANGE_LOOP_ANALYSIS = YES;
				CLANG_WARN_STRICT_PROTOTYPES = YES;
				CLANG_WARN_SUSPICIOUS_MOVE = YES;
				CLANG_WARN_UNGUARDED_AVAILABILITY = YES_AGGRESSIVE;
				CLANG_WARN_UNREACHABLE_CODE = YES;
				CLANG_WARN__DUPLICATE_METHOD_MATCH = YES;
				COPY_PHASE_STRIP = NO;
				DEBUG_INFORMATION_FORMAT = dwarf;
				ENABLE_STRICT_OBJC_MSGSEND = YES;
				ENABLE_TESTABILITY = YES;
				GCC_C_LANGUAGE_STANDARD = gnu11;
				GCC_DYNAMIC_NO_PIC = NO;
				GCC_NO_COMMON_BLOCKS = YES;
				GCC_OPTIMIZATION_LEVEL = 0;
				GCC_PREPROCESSOR_DEFINITIONS = (
					"DEBUG=1",
					"$(inherited)",
				);
				GCC_WARN_64_TO_32_BIT_CONVERSION = YES;
				GCC_WARN_ABOUT_RETURN_TYPE = YES_ERROR;
				GCC_WARN_UNDECLARED_SELECTOR = YES;
				GCC_WARN_UNINITIALIZED_AUTOS = YES_AGGRESSIVE;
				GCC_WARN_UNUSED_FUNCTION = YES;
				GCC_WARN_UNUSED_VARIABLE = YES;
				MACOSX_DEPLOYMENT_TARGET = 12.0;
				MTL_ENABLE_DEBUG_INFO = INCLUDE_SOURCE;
				MTL_FAST_MATH = YES;
				ONLY_ACTIVE_ARCH = YES;
				SDKROOT = macosx;
				SWIFT_ACTIVE_COMPILATION_CONDITIONS = DEBUG;
				SWIFT_OPTIMIZATION_LEVEL = "-Onone";
			};
			name = Debug;
		};
		1471F6CB26F850BF0097F56F /* Release */ = {
			isa = XCBuildConfiguration;
			buildSettings = {
				ALWAYS_SEARCH_USER_PATHS = NO;
				CLANG_ANALYZER_NONNULL = YES;
				CLANG_ANALYZER_NUMBER_OBJECT_CONVERSION = YES_AGGRESSIVE;
				CLANG_CXX_LANGUAGE_STANDARD = "gnu++17";
				CLANG_CXX_LIBRARY = "libc++";
				CLANG_ENABLE_MODULES = YES;
				CLANG_ENABLE_OBJC_ARC = YES;
				CLANG_ENABLE_OBJC_WEAK = YES;
				CLANG_WARN_BLOCK_CAPTURE_AUTORELEASING = YES;
				CLANG_WARN_BOOL_CONVERSION = YES;
				CLANG_WARN_COMMA = YES;
				CLANG_WARN_CONSTANT_CONVERSION = YES;
				CLANG_WARN_DEPRECATED_OBJC_IMPLEMENTATIONS = YES;
				CLANG_WARN_DIRECT_OBJC_ISA_USAGE = YES_ERROR;
				CLANG_WARN_DOCUMENTATION_COMMENTS = YES;
				CLANG_WARN_EMPTY_BODY = YES;
				CLANG_WARN_ENUM_CONVERSION = YES;
				CLANG_WARN_INFINITE_RECURSION = YES;
				CLANG_WARN_INT_CONVERSION = YES;
				CLANG_WARN_NON_LITERAL_NULL_CONVERSION = YES;
				CLANG_WARN_OBJC_IMPLICIT_RETAIN_SELF = YES;
				CLANG_WARN_OBJC_LITERAL_CONVERSION = YES;
				CLANG_WARN_OBJC_ROOT_CLASS = YES_ERROR;
				CLANG_WARN_QUOTED_INCLUDE_IN_FRAMEWORK_HEADER = YES;
				CLANG_WARN_RANGE_LOOP_ANALYSIS = YES;
				CLANG_WARN_STRICT_PROTOTYPES = YES;
				CLANG_WARN_SUSPICIOUS_MOVE = YES;
				CLANG_WARN_UNGUARDED_AVAILABILITY = YES_AGGRESSIVE;
				CLANG_WARN_UNREACHABLE_CODE = YES;
				CLANG_WARN__DUPLICATE_METHOD_MATCH = YES;
				COPY_PHASE_STRIP = NO;
				DEBUG_INFORMATION_FORMAT = "dwarf-with-dsym";
				ENABLE_NS_ASSERTIONS = NO;
				ENABLE_STRICT_OBJC_MSGSEND = YES;
				GCC_C_LANGUAGE_STANDARD = gnu11;
				GCC_NO_COMMON_BLOCKS = YES;
				GCC_WARN_64_TO_32_BIT_CONVERSION = YES;
				GCC_WARN_ABOUT_RETURN_TYPE = YES_ERROR;
				GCC_WARN_UNDECLARED_SELECTOR = YES;
				GCC_WARN_UNINITIALIZED_AUTOS = YES_AGGRESSIVE;
				GCC_WARN_UNUSED_FUNCTION = YES;
				GCC_WARN_UNUSED_VARIABLE = YES;
				MACOSX_DEPLOYMENT_TARGET = 12.0;
				MTL_ENABLE_DEBUG_INFO = NO;
				MTL_FAST_MATH = YES;
				SDKROOT = macosx;
				SWIFT_COMPILATION_MODE = wholemodule;
				SWIFT_OPTIMIZATION_LEVEL = "-O";
			};
			name = Release;
		};
		1471F6CD26F850BF0097F56F /* Debug */ = {
			isa = XCBuildConfiguration;
			buildSettings = {
				CODE_SIGN_STYLE = Automatic;
				DEVELOPMENT_TEAM = 7W9J4US56D;
				ENABLE_HARDENED_RUNTIME = YES;
				PRODUCT_NAME = "$(TARGET_NAME)";
				SWIFT_VERSION = 5.0;
			};
			name = Debug;
		};
		1471F6CE26F850BF0097F56F /* Release */ = {
			isa = XCBuildConfiguration;
			buildSettings = {
				CODE_SIGN_STYLE = Automatic;
				DEVELOPMENT_TEAM = 7W9J4US56D;
				ENABLE_HARDENED_RUNTIME = YES;
				PRODUCT_NAME = "$(TARGET_NAME)";
				SWIFT_VERSION = 5.0;
			};
			name = Release;
		};
/* End XCBuildConfiguration section */

/* Begin XCConfigurationList section */
		1471F6C026F850BF0097F56F /* Build configuration list for PBXProject "simpledb" */ = {
			isa = XCConfigurationList;
			buildConfigurations = (
				1471F6CA26F850BF0097F56F /* Debug */,
				1471F6CB26F850BF0097F56F /* Release */,
			);
			defaultConfigurationIsVisible = 0;
			defaultConfigurationName = Release;
		};
		1471F6CC26F850BF0097F56F /* Build configuration list for PBXNativeTarget "simpledb-cli" */ = {
			isa = XCConfigurationList;
			buildConfigurations = (
				1471F6CD26F850BF0097F56F /* Debug */,
				1471F6CE26F850BF0097F56F /* Release */,
			);
			defaultConfigurationIsVisible = 0;
			defaultConfigurationName = Release;
		};
/* End XCConfigurationList section */

/* Begin XCRemoteSwiftPackageReference section */
		1471F6CF26F850F00097F56F /* XCRemoteSwiftPackageReference "swift-argument-parser" */ = {
			isa = XCRemoteSwiftPackageReference;
			repositoryURL = "https://github.com/apple/swift-argument-parser.git";
			requirement = {
				kind = upToNextMajorVersion;
				minimumVersion = 0.4.4;
			};
		};
/* End XCRemoteSwiftPackageReference section */

/* Begin XCSwiftPackageProductDependency section */
		1471F6D026F850F00097F56F /* ArgumentParser */ = {
			isa = XCSwiftPackageProductDependency;
			package = 1471F6CF26F850F00097F56F /* XCRemoteSwiftPackageReference "swift-argument-parser" */;
			productName = ArgumentParser;
		};
		14CC16712721C2FF008EB93B /* simpledb-pack */ = {
			isa = XCSwiftPackageProductDependency;
			productName = "simpledb-pack";
		};
/* End XCSwiftPackageProductDependency section */
	};
	rootObject = 1471F6BD26F850BF0097F56F /* Project object */;
}
